
Microsoft Visual Studio Solution File, Format Version 12.00
# Visual Studio Version 17
VisualStudioVersion = 17.4.33110.190
MinimumVisualStudioVersion = 10.0.40219.1
Project("{FAE04EC0-301F-11D3-BF4B-00C04F79EFBC}") = "LibraryService", "LibraryService\LibraryService.csproj", "{D5146882-A276-403A-B013-E515B68F74E7}"
EndProject
Project("{FAE04EC0-301F-11D3-BF4B-00C04F79EFBC}") = "LibraryService.Web", "LibraryService.Web\LibraryService.Web.csproj", "{42C731C0-080B-4371-8094-85DBB2FE0592}"
EndProject
Global
	GlobalSection(SolutionConfigurationPlatforms) = preSolution
		Debug|Any CPU = Debug|Any CPU
		Release|Any CPU = Release|Any CPU
	EndGlobalSection
	GlobalSection(ProjectConfigurationPlatforms) = postSolution
		{D5146882-A276-403A-B013-E515B68F74E7}.Debug|Any CPU.ActiveCfg = Debug|Any CPU
		{D5146882-A276-403A-B013-E515B68F74E7}.Debug|Any CPU.Build.0 = Debug|Any CPU
		{D5146882-A276-403A-B013-E515B68F74E7}.Release|Any CPU.ActiveCfg = Release|Any CPU
		{D5146882-A276-403A-B013-E515B68F74E7}.Release|Any CPU.Build.0 = Release|Any CPU
		{42C731C0-080B-4371-8094-85DBB2FE0592}.Debug|Any CPU.ActiveCfg = Debug|Any CPU
		{42C731C0-080B-4371-8094-85DBB2FE0592}.Debug|Any CPU.Build.0 = Debug|Any CPU
		{42C731C0-080B-4371-8094-85DBB2FE0592}.Release|Any CPU.ActiveCfg = Release|Any CPU
		{42C731C0-080B-4371-8094-85DBB2FE0592}.Release|Any CPU.Build.0 = Release|Any CPU
	EndGlobalSection
	GlobalSection(SolutionProperties) = preSolution
		HideSolutionNode = FALSE
	EndGlobalSection
	GlobalSection(ExtensibilityGlobals) = postSolution
		SolutionGuid = {A5916106-6861-4B62-870A-2D7C4DBAAE7F}
	EndGlobalSection
EndGlobal
